
Microsoft Visual Studio Solution File, Format Version 12.00
# Visual Studio 15
VisualStudioVersion = 15.0.28307.329
MinimumVisualStudioVersion = 10.0.40219.1
Project("{FAE04EC0-301F-11D3-BF4B-00C04F79EFBC}") = "MvAssistant", "MvAssistant\MvAssistant.csproj", "{1F694FA5-2647-4A70-A97D-4E443D5B79EE}"
EndProject
Project("{FAE04EC0-301F-11D3-BF4B-00C04F79EFBC}") = "MaskTool.TestMy", "MaskTool.TestMy\MaskTool.TestMy.csproj", "{C720DF8C-B6FE-4284-A4AE-B1FEC882F9CD}"
EndProject
Project("{FAE04EC0-301F-11D3-BF4B-00C04F79EFBC}") = "MaskSgsTest", "BoxTransferTest\MaskSgsTest.csproj", "{7029E959-7B21-4F3B-8FB7-A4FA084EBF83}"
EndProject
Global
	GlobalSection(SolutionConfigurationPlatforms) = preSolution
		Debug|Any CPU = Debug|Any CPU
		Release|Any CPU = Release|Any CPU
	EndGlobalSection
	GlobalSection(ProjectConfigurationPlatforms) = postSolution
		{1F694FA5-2647-4A70-A97D-4E443D5B79EE}.Debug|Any CPU.ActiveCfg = Debug|Any CPU
		{1F694FA5-2647-4A70-A97D-4E443D5B79EE}.Debug|Any CPU.Build.0 = Debug|Any CPU
		{1F694FA5-2647-4A70-A97D-4E443D5B79EE}.Release|Any CPU.ActiveCfg = Release|Any CPU
		{1F694FA5-2647-4A70-A97D-4E443D5B79EE}.Release|Any CPU.Build.0 = Release|Any CPU
		{C720DF8C-B6FE-4284-A4AE-B1FEC882F9CD}.Debug|Any CPU.ActiveCfg = Debug|Any CPU
		{C720DF8C-B6FE-4284-A4AE-B1FEC882F9CD}.Debug|Any CPU.Build.0 = Debug|Any CPU
		{C720DF8C-B6FE-4284-A4AE-B1FEC882F9CD}.Release|Any CPU.ActiveCfg = Release|Any CPU
		{C720DF8C-B6FE-4284-A4AE-B1FEC882F9CD}.Release|Any CPU.Build.0 = Release|Any CPU
		{7029E959-7B21-4F3B-8FB7-A4FA084EBF83}.Debug|Any CPU.ActiveCfg = Debug|Any CPU
		{7029E959-7B21-4F3B-8FB7-A4FA084EBF83}.Debug|Any CPU.Build.0 = Debug|Any CPU
		{7029E959-7B21-4F3B-8FB7-A4FA084EBF83}.Release|Any CPU.ActiveCfg = Release|Any CPU
		{7029E959-7B21-4F3B-8FB7-A4FA084EBF83}.Release|Any CPU.Build.0 = Release|Any CPU
	EndGlobalSection
	GlobalSection(SolutionProperties) = preSolution
		HideSolutionNode = FALSE
	EndGlobalSection
	GlobalSection(ExtensibilityGlobals) = postSolution
		SolutionGuid = {2E9818EB-30B4-45C2-B6F3-9442014B1349}
	EndGlobalSection
EndGlobal
